
Microsoft Visual Studio Solution File, Format Version 12.00
# Visual Studio Version 16
VisualStudioVersion = 16.0.30002.166
MinimumVisualStudioVersion = 10.0.40219.1
Project("{FAE04EC0-301F-11D3-BF4B-00C04F79EFBC}") = "WebSBazom", "WebSBazom\WebSBazom.csproj", "{45185E9E-6589-4882-AA99-5747E18434DB}"
EndProject
Global
	GlobalSection(SolutionConfigurationPlatforms) = preSolution
		Debug|Any CPU = Debug|Any CPU
		Release|Any CPU = Release|Any CPU
	EndGlobalSection
	GlobalSection(ProjectConfigurationPlatforms) = postSolution
		{45185E9E-6589-4882-AA99-5747E18434DB}.Debug|Any CPU.ActiveCfg = Debug|Any CPU
		{45185E9E-6589-4882-AA99-5747E18434DB}.Debug|Any CPU.Build.0 = Debug|Any CPU
		{45185E9E-6589-4882-AA99-5747E18434DB}.Release|Any CPU.ActiveCfg = Release|Any CPU
		{45185E9E-6589-4882-AA99-5747E18434DB}.Release|Any CPU.Build.0 = Release|Any CPU
	EndGlobalSection
	GlobalSection(SolutionProperties) = preSolution
		HideSolutionNode = FALSE
	EndGlobalSection
	GlobalSection(ExtensibilityGlobals) = postSolution
		SolutionGuid = {23CBA708-70D8-4FB8-A62F-2CF2754184E6}
	EndGlobalSection
EndGlobal
